
Microsoft Visual Studio Solution File, Format Version 12.00
# Visual Studio Version 16
VisualStudioVersion = 16.0.34601.136
MinimumVisualStudioVersion = 10.0.40219.1
Project("{FAE04EC0-301F-11D3-BF4B-00C04F79EFBC}") = "Train Reservation System", "Train Reservation System\Train Reservation System.csproj", "{17659A5C-E325-4106-BDBD-976798E86DDE}"
EndProject
Global
	GlobalSection(SolutionConfigurationPlatforms) = preSolution
		Debug|Any CPU = Debug|Any CPU
		Release|Any CPU = Release|Any CPU
	EndGlobalSection
	GlobalSection(ProjectConfigurationPlatforms) = postSolution
		{17659A5C-E325-4106-BDBD-976798E86DDE}.Debug|Any CPU.ActiveCfg = Debug|Any CPU
		{17659A5C-E325-4106-BDBD-976798E86DDE}.Debug|Any CPU.Build.0 = Debug|Any CPU
		{17659A5C-E325-4106-BDBD-976798E86DDE}.Release|Any CPU.ActiveCfg = Release|Any CPU
		{17659A5C-E325-4106-BDBD-976798E86DDE}.Release|Any CPU.Build.0 = Release|Any CPU
	EndGlobalSection
	GlobalSection(SolutionProperties) = preSolution
		HideSolutionNode = FALSE
	EndGlobalSection
	GlobalSection(ExtensibilityGlobals) = postSolution
		SolutionGuid = {BE3EEB77-F806-4E2D-A21B-0669A26EC17F}
	EndGlobalSection
EndGlobal
